
Microsoft Visual Studio Solution File, Format Version 12.00
# Visual Studio Version 17
VisualStudioVersion = 17.10.35013.160
MinimumVisualStudioVersion = 10.0.40219.1
Project("{F184B08F-C81C-45F6-A57F-5ABD9991F28F}") = "changeRDPPort", "changeRDPPort.vbproj", "{2318BD3A-0108-43B9-8FB5-76AC94E04340}"
EndProject
Global
	GlobalSection(SolutionConfigurationPlatforms) = preSolution
		Debug|Any CPU = Debug|Any CPU
		Release|Any CPU = Release|Any CPU
	EndGlobalSection
	GlobalSection(ProjectConfigurationPlatforms) = postSolution
		{2318BD3A-0108-43B9-8FB5-76AC94E04340}.Debug|Any CPU.ActiveCfg = Debug|Any CPU
		{2318BD3A-0108-43B9-8FB5-76AC94E04340}.Debug|Any CPU.Build.0 = Debug|Any CPU
		{2318BD3A-0108-43B9-8FB5-76AC94E04340}.Release|Any CPU.ActiveCfg = Release|Any CPU
		{2318BD3A-0108-43B9-8FB5-76AC94E04340}.Release|Any CPU.Build.0 = Release|Any CPU
	EndGlobalSection
	GlobalSection(SolutionProperties) = preSolution
		HideSolutionNode = FALSE
	EndGlobalSection
	GlobalSection(ExtensibilityGlobals) = postSolution
		SolutionGuid = {27972F58-AC3F-45E0-AA12-4B51A965C725}
	EndGlobalSection
EndGlobal
